
Microsoft Visual Studio Solution File, Format Version 12.00
# Visual Studio Version 16
VisualStudioVersion = 16.0.30611.23
MinimumVisualStudioVersion = 10.0.40219.1
Project("{FAE04EC0-301F-11D3-BF4B-00C04F79EFBC}") = "Gazi.KazanMYO.OkanErdem.SayıBulmaOyunu", "Gazi.KazanMYO.OkanErdem.SayıBulmaOyunu\Gazi.KazanMYO.OkanErdem.SayıBulmaOyunu.csproj", "{87752D9E-06B6-4FC6-A36F-8A104C920329}"
EndProject
Global
	GlobalSection(SolutionConfigurationPlatforms) = preSolution
		Debug|Any CPU = Debug|Any CPU
		Release|Any CPU = Release|Any CPU
	EndGlobalSection
	GlobalSection(ProjectConfigurationPlatforms) = postSolution
		{87752D9E-06B6-4FC6-A36F-8A104C920329}.Debug|Any CPU.ActiveCfg = Debug|Any CPU
		{87752D9E-06B6-4FC6-A36F-8A104C920329}.Debug|Any CPU.Build.0 = Debug|Any CPU
		{87752D9E-06B6-4FC6-A36F-8A104C920329}.Release|Any CPU.ActiveCfg = Release|Any CPU
		{87752D9E-06B6-4FC6-A36F-8A104C920329}.Release|Any CPU.Build.0 = Release|Any CPU
	EndGlobalSection
	GlobalSection(SolutionProperties) = preSolution
		HideSolutionNode = FALSE
	EndGlobalSection
	GlobalSection(ExtensibilityGlobals) = postSolution
		SolutionGuid = {017FBE49-BB45-4F1C-B865-DCF0F955B9D1}
	EndGlobalSection
EndGlobal
